// !$*UTF8*$!
{
	archiveVersion = 1;
	classes = {
	};
	objectVersion = 56;
	objects = {

/* Begin PBXBuildFile section */
		D66C199B2A1F900200150672 /* OneStepApp.swift in Sources */ = {isa = PBXBuildFile; fileRef = D66C199A2A1F900200150672 /* OneStepApp.swift */; };
		D66C199D2A1F900200150672 /* HomeView.swift in Sources */ = {isa = PBXBuildFile; fileRef = D66C199C2A1F900200150672 /* HomeView.swift */; };
		D66C199F2A1F900300150672 /* Assets.xcassets in Resources */ = {isa = PBXBuildFile; fileRef = D66C199E2A1F900300150672 /* Assets.xcassets */; };
		D66C19A22A1F900300150672 /* Preview Assets.xcassets in Resources */ = {isa = PBXBuildFile; fileRef = D66C19A12A1F900300150672 /* Preview Assets.xcassets */; };
		D66C19A92A1F904700150672 /* CoreDataProvider.swift in Sources */ = {isa = PBXBuildFile; fileRef = D66C19A82A1F904700150672 /* CoreDataProvider.swift */; };
		D66C19AE2A1F90AA00150672 /* OneStepModel.xcdatamodeld in Sources */ = {isa = PBXBuildFile; fileRef = D66C19AC2A1F90AA00150672 /* OneStepModel.xcdatamodeld */; };
		D66C19B12A1F938B00150672 /* MissionTag+CoreDataClass.swift in Sources */ = {isa = PBXBuildFile; fileRef = D66C19B02A1F938B00150672 /* MissionTag+CoreDataClass.swift */; };
		D66C19B32A1F93BB00150672 /* MissionTag+CoreDataProperties.swift in Sources */ = {isa = PBXBuildFile; fileRef = D66C19B22A1F93BB00150672 /* MissionTag+CoreDataProperties.swift */; };
		D66C19B52A1F95CF00150672 /* AddNewTagView.swift in Sources */ = {isa = PBXBuildFile; fileRef = D66C19B42A1F95CF00150672 /* AddNewTagView.swift */; };
		D66C19B82A1F967E00150672 /* StringUtils.swift in Sources */ = {isa = PBXBuildFile; fileRef = D66C19B72A1F967E00150672 /* StringUtils.swift */; };
		D66C19BA2A2039AB00150672 /* PreviewData.swift in Sources */ = {isa = PBXBuildFile; fileRef = D66C19B92A2039AB00150672 /* PreviewData.swift */; };
		D66C19BC2A203BF400150672 /* ColorPickerView.swift in Sources */ = {isa = PBXBuildFile; fileRef = D66C19BB2A203BF400150672 /* ColorPickerView.swift */; };
		D66C19BF2A204F5200150672 /* ConstantVal.swift in Sources */ = {isa = PBXBuildFile; fileRef = D66C19BE2A204F5200150672 /* ConstantVal.swift */; };
		D6BE75952A2C718F00CB037B /* MissionService.swift in Sources */ = {isa = PBXBuildFile; fileRef = D6BE75942A2C718F00CB037B /* MissionService.swift */; };
		D6BE75982A2C741400CB037B /* UIColorTransformer.swift in Sources */ = {isa = PBXBuildFile; fileRef = D6BE75972A2C741400CB037B /* UIColorTransformer.swift */; };
		D6BE759A2A2C781200CB037B /* MissionTagsView.swift in Sources */ = {isa = PBXBuildFile; fileRef = D6BE75992A2C781200CB037B /* MissionTagsView.swift */; };
		D6BE759C2A2C78CE00CB037B /* MissionTagsCellView.swift in Sources */ = {isa = PBXBuildFile; fileRef = D6BE759B2A2C78CE00CB037B /* MissionTagsCellView.swift */; };
/* End PBXBuildFile section */

/* Begin PBXFileReference section */
		D66C19972A1F900200150672 /* OneStep.app */ = {isa = PBXFileReference; explicitFileType = wrapper.application; includeInIndex = 0; path = OneStep.app; sourceTree = BUILT_PRODUCTS_DIR; };
		D66C199A2A1F900200150672 /* OneStepApp.swift */ = {isa = PBXFileReference; lastKnownFileType = sourcecode.swift; path = OneStepApp.swift; sourceTree = "<group>"; };
		D66C199C2A1F900200150672 /* HomeView.swift */ = {isa = PBXFileReference; lastKnownFileType = sourcecode.swift; path = HomeView.swift; sourceTree = "<group>"; };
		D66C199E2A1F900300150672 /* Assets.xcassets */ = {isa = PBXFileReference; lastKnownFileType = folder.assetcatalog; path = Assets.xcassets; sourceTree = "<group>"; };
		D66C19A12A1F900300150672 /* Preview Assets.xcassets */ = {isa = PBXFileReference; lastKnownFileType = folder.assetcatalog; path = "Preview Assets.xcassets"; sourceTree = "<group>"; };
		D66C19A82A1F904700150672 /* CoreDataProvider.swift */ = {isa = PBXFileReference; lastKnownFileType = sourcecode.swift; path = CoreDataProvider.swift; sourceTree = "<group>"; };
		D66C19AD2A1F90AA00150672 /* OneStepModel.xcdatamodel */ = {isa = PBXFileReference; lastKnownFileType = wrapper.xcdatamodel; path = OneStepModel.xcdatamodel; sourceTree = "<group>"; };
		D66C19B02A1F938B00150672 /* MissionTag+CoreDataClass.swift */ = {isa = PBXFileReference; lastKnownFileType = sourcecode.swift; path = "MissionTag+CoreDataClass.swift"; sourceTree = "<group>"; };
		D66C19B22A1F93BB00150672 /* MissionTag+CoreDataProperties.swift */ = {isa = PBXFileReference; lastKnownFileType = sourcecode.swift; path = "MissionTag+CoreDataProperties.swift"; sourceTree = "<group>"; };
		D66C19B42A1F95CF00150672 /* AddNewTagView.swift */ = {isa = PBXFileReference; lastKnownFileType = sourcecode.swift; path = AddNewTagView.swift; sourceTree = "<group>"; };
		D66C19B72A1F967E00150672 /* StringUtils.swift */ = {isa = PBXFileReference; lastKnownFileType = sourcecode.swift; path = StringUtils.swift; sourceTree = "<group>"; };
		D66C19B92A2039AB00150672 /* PreviewData.swift */ = {isa = PBXFileReference; lastKnownFileType = sourcecode.swift; path = PreviewData.swift; sourceTree = "<group>"; };
		D66C19BB2A203BF400150672 /* ColorPickerView.swift */ = {isa = PBXFileReference; lastKnownFileType = sourcecode.swift; path = ColorPickerView.swift; sourceTree = "<group>"; };
		D66C19BE2A204F5200150672 /* ConstantVal.swift */ = {isa = PBXFileReference; lastKnownFileType = sourcecode.swift; path = ConstantVal.swift; sourceTree = "<group>"; };
		D6BE75942A2C718F00CB037B /* MissionService.swift */ = {isa = PBXFileReference; lastKnownFileType = sourcecode.swift; path = MissionService.swift; sourceTree = "<group>"; };
		D6BE75972A2C741400CB037B /* UIColorTransformer.swift */ = {isa = PBXFileReference; lastKnownFileType = sourcecode.swift; path = UIColorTransformer.swift; sourceTree = "<group>"; };
		D6BE75992A2C781200CB037B /* MissionTagsView.swift */ = {isa = PBXFileReference; lastKnownFileType = sourcecode.swift; path = MissionTagsView.swift; sourceTree = "<group>"; };
		D6BE759B2A2C78CE00CB037B /* MissionTagsCellView.swift */ = {isa = PBXFileReference; lastKnownFileType = sourcecode.swift; path = MissionTagsCellView.swift; sourceTree = "<group>"; };
/* End PBXFileReference section */

/* Begin PBXFrameworksBuildPhase section */
		D66C19942A1F900200150672 /* Frameworks */ = {
			isa = PBXFrameworksBuildPhase;
			buildActionMask = 2147483647;
			files = (
			);
			runOnlyForDeploymentPostprocessing = 0;
		};
/* End PBXFrameworksBuildPhase section */

/* Begin PBXGroup section */
		D66C198E2A1F900200150672 = {
			isa = PBXGroup;
			children = (
				D66C19992A1F900200150672 /* OneStep */,
				D66C19982A1F900200150672 /* Products */,
			);
			indentWidth = 4;
			sourceTree = "<group>";
			tabWidth = 4;
		};
		D66C19982A1F900200150672 /* Products */ = {
			isa = PBXGroup;
			children = (
				D66C19972A1F900200150672 /* OneStep.app */,
			);
			name = Products;
			sourceTree = "<group>";
		};
		D66C19992A1F900200150672 /* OneStep */ = {
			isa = PBXGroup;
			children = (
				D6BE75962A2C735B00CB037B /* Transformer */,
				D66C199A2A1F900200150672 /* OneStepApp.swift */,
				D6BE75932A2C717200CB037B /* Services */,
				D66C19BD2A204F2500150672 /* Constant */,
				D66C19B62A1F966B00150672 /* Utils */,
				D66C19AF2A1F918D00150672 /* Models */,
				D66C19AB2A1F906400150672 /* Views */,
				D66C19AA2A1F904C00150672 /* Providers */,
				D66C19A02A1F900300150672 /* Preview Content */,
				D66C199E2A1F900300150672 /* Assets.xcassets */,
			);
			path = OneStep;
			sourceTree = "<group>";
		};
		D66C19A02A1F900300150672 /* Preview Content */ = {
			isa = PBXGroup;
			children = (
				D66C19B92A2039AB00150672 /* PreviewData.swift */,
				D66C19A12A1F900300150672 /* Preview Assets.xcassets */,
			);
			path = "Preview Content";
			sourceTree = "<group>";
		};
		D66C19AA2A1F904C00150672 /* Providers */ = {
			isa = PBXGroup;
			children = (
				D66C19AC2A1F90AA00150672 /* OneStepModel.xcdatamodeld */,
				D66C19A82A1F904700150672 /* CoreDataProvider.swift */,
			);
			path = Providers;
			sourceTree = "<group>";
		};
		D66C19AB2A1F906400150672 /* Views */ = {
			isa = PBXGroup;
			children = (
				D66C199C2A1F900200150672 /* HomeView.swift */,
				D66C19B42A1F95CF00150672 /* AddNewTagView.swift */,
				D66C19BB2A203BF400150672 /* ColorPickerView.swift */,
				D6BE75992A2C781200CB037B /* MissionTagsView.swift */,
				D6BE759B2A2C78CE00CB037B /* MissionTagsCellView.swift */,
			);
			path = Views;
			sourceTree = "<group>";
		};
		D66C19AF2A1F918D00150672 /* Models */ = {
			isa = PBXGroup;
			children = (
				D66C19B02A1F938B00150672 /* MissionTag+CoreDataClass.swift */,
				D66C19B22A1F93BB00150672 /* MissionTag+CoreDataProperties.swift */,
			);
			path = Models;
			sourceTree = "<group>";
		};
		D66C19B62A1F966B00150672 /* Utils */ = {
			isa = PBXGroup;
			children = (
				D66C19B72A1F967E00150672 /* StringUtils.swift */,
			);
			path = Utils;
			sourceTree = "<group>";
		};
		D66C19BD2A204F2500150672 /* Constant */ = {
			isa = PBXGroup;
			children = (
				D66C19BE2A204F5200150672 /* ConstantVal.swift */,
			);
			path = Constant;
			sourceTree = "<group>";
		};
		D6BE75932A2C717200CB037B /* Services */ = {
			isa = PBXGroup;
			children = (
				D6BE75942A2C718F00CB037B /* MissionService.swift */,
			);
			path = Services;
			sourceTree = "<group>";
		};
		D6BE75962A2C735B00CB037B /* Transformer */ = {
			isa = PBXGroup;
			children = (
				D6BE75972A2C741400CB037B /* UIColorTransformer.swift */,
			);
			path = Transformer;
			sourceTree = "<group>";
		};
/* End PBXGroup section */

/* Begin PBXNativeTarget section */
		D66C19962A1F900200150672 /* OneStep */ = {
			isa = PBXNativeTarget;
			buildConfigurationList = D66C19A52A1F900300150672 /* Build configuration list for PBXNativeTarget "OneStep" */;
			buildPhases = (
				D66C19932A1F900200150672 /* Sources */,
				D66C19942A1F900200150672 /* Frameworks */,
				D66C19952A1F900200150672 /* Resources */,
			);
			buildRules = (
			);
			dependencies = (
			);
			name = OneStep;
			productName = OneStep;
			productReference = D66C19972A1F900200150672 /* OneStep.app */;
			productType = "com.apple.product-type.application";
		};
/* End PBXNativeTarget section */

/* Begin PBXProject section */
		D66C198F2A1F900200150672 /* Project object */ = {
			isa = PBXProject;
			attributes = {
				BuildIndependentTargetsInParallel = 1;
				LastSwiftUpdateCheck = 1430;
				LastUpgradeCheck = 1430;
				TargetAttributes = {
					D66C19962A1F900200150672 = {
						CreatedOnToolsVersion = 14.3;
					};
				};
			};
			buildConfigurationList = D66C19922A1F900200150672 /* Build configuration list for PBXProject "OneStep" */;
			compatibilityVersion = "Xcode 14.0";
			developmentRegion = en;
			hasScannedForEncodings = 0;
			knownRegions = (
				en,
				Base,
			);
			mainGroup = D66C198E2A1F900200150672;
			productRefGroup = D66C19982A1F900200150672 /* Products */;
			projectDirPath = "";
			projectRoot = "";
			targets = (
				D66C19962A1F900200150672 /* OneStep */,
			);
		};
/* End PBXProject section */

/* Begin PBXResourcesBuildPhase section */
		D66C19952A1F900200150672 /* Resources */ = {
			isa = PBXResourcesBuildPhase;
			buildActionMask = 2147483647;
			files = (
				D66C19A22A1F900300150672 /* Preview Assets.xcassets in Resources */,
				D66C199F2A1F900300150672 /* Assets.xcassets in Resources */,
			);
			runOnlyForDeploymentPostprocessing = 0;
		};
/* End PBXResourcesBuildPhase section */

/* Begin PBXSourcesBuildPhase section */
		D66C19932A1F900200150672 /* Sources */ = {
			isa = PBXSourcesBuildPhase;
			buildActionMask = 2147483647;
			files = (
				D66C19B52A1F95CF00150672 /* AddNewTagView.swift in Sources */,
				D66C19B12A1F938B00150672 /* MissionTag+CoreDataClass.swift in Sources */,
				D6BE759C2A2C78CE00CB037B /* MissionTagsCellView.swift in Sources */,
				D66C19B32A1F93BB00150672 /* MissionTag+CoreDataProperties.swift in Sources */,
				D66C19AE2A1F90AA00150672 /* OneStepModel.xcdatamodeld in Sources */,
				D66C19BC2A203BF400150672 /* ColorPickerView.swift in Sources */,
				D66C19B82A1F967E00150672 /* StringUtils.swift in Sources */,
				D66C19BA2A2039AB00150672 /* PreviewData.swift in Sources */,
				D66C199D2A1F900200150672 /* HomeView.swift in Sources */,
				D66C199B2A1F900200150672 /* OneStepApp.swift in Sources */,
				D6BE75982A2C741400CB037B /* UIColorTransformer.swift in Sources */,
				D66C19A92A1F904700150672 /* CoreDataProvider.swift in Sources */,
				D6BE75952A2C718F00CB037B /* MissionService.swift in Sources */,
				D6BE759A2A2C781200CB037B /* MissionTagsView.swift in Sources */,
				D66C19BF2A204F5200150672 /* ConstantVal.swift in Sources */,
			);
			runOnlyForDeploymentPostprocessing = 0;
		};
/* End PBXSourcesBuildPhase section */

/* Begin XCBuildConfiguration section */
		D66C19A32A1F900300150672 /* Debug */ = {
			isa = XCBuildConfiguration;
			buildSettings = {
				ALWAYS_SEARCH_USER_PATHS = NO;
				CLANG_ANALYZER_NONNULL = YES;
				CLANG_ANALYZER_NUMBER_OBJECT_CONVERSION = YES_AGGRESSIVE;
				CLANG_CXX_LANGUAGE_STANDARD = "gnu++20";
				CLANG_ENABLE_MODULES = YES;
				CLANG_ENABLE_OBJC_ARC = YES;
				CLANG_ENABLE_OBJC_WEAK = YES;
				CLANG_WARN_BLOCK_CAPTURE_AUTORELEASING = YES;
				CLANG_WARN_BOOL_CONVERSION = YES;
				CLANG_WARN_COMMA = YES;
				CLANG_WARN_CONSTANT_CONVERSION = YES;
				CLANG_WARN_DEPRECATED_OBJC_IMPLEMENTATIONS = YES;
				CLANG_WARN_DIRECT_OBJC_ISA_USAGE = YES_ERROR;
				CLANG_WARN_DOCUMENTATION_COMMENTS = YES;
				CLANG_WARN_EMPTY_BODY = YES;
				CLANG_WARN_ENUM_CONVERSION = YES;
				CLANG_WARN_INFINITE_RECURSION = YES;
				CLANG_WARN_INT_CONVERSION = YES;
				CLANG_WARN_NON_LITERAL_NULL_CONVERSION = YES;
				CLANG_WARN_OBJC_IMPLICIT_RETAIN_SELF = YES;
				CLANG_WARN_OBJC_LITERAL_CONVERSION = YES;
				CLANG_WARN_OBJC_ROOT_CLASS = YES_ERROR;
				CLANG_WARN_QUOTED_INCLUDE_IN_FRAMEWORK_HEADER = YES;
				CLANG_WARN_RANGE_LOOP_ANALYSIS = YES;
				CLANG_WARN_STRICT_PROTOTYPES = YES;
				CLANG_WARN_SUSPICIOUS_MOVE = YES;
				CLANG_WARN_UNGUARDED_AVAILABILITY = YES_AGGRESSIVE;
				CLANG_WARN_UNREACHABLE_CODE = YES;
				CLANG_WARN__DUPLICATE_METHOD_MATCH = YES;
				COPY_PHASE_STRIP = NO;
				DEBUG_INFORMATION_FORMAT = dwarf;
				ENABLE_STRICT_OBJC_MSGSEND = YES;
				ENABLE_TESTABILITY = YES;
				GCC_C_LANGUAGE_STANDARD = gnu11;
				GCC_DYNAMIC_NO_PIC = NO;
				GCC_NO_COMMON_BLOCKS = YES;
				GCC_OPTIMIZATION_LEVEL = 0;
				GCC_PREPROCESSOR_DEFINITIONS = (
					"DEBUG=1",
					"$(inherited)",
				);
				GCC_WARN_64_TO_32_BIT_CONVERSION = YES;
				GCC_WARN_ABOUT_RETURN_TYPE = YES_ERROR;
				GCC_WARN_UNDECLARED_SELECTOR = YES;
				GCC_WARN_UNINITIALIZED_AUTOS = YES_AGGRESSIVE;
				GCC_WARN_UNUSED_FUNCTION = YES;
				GCC_WARN_UNUSED_VARIABLE = YES;
				IPHONEOS_DEPLOYMENT_TARGET = 16.4;
				MTL_ENABLE_DEBUG_INFO = INCLUDE_SOURCE;
				MTL_FAST_MATH = YES;
				ONLY_ACTIVE_ARCH = YES;
				SDKROOT = iphoneos;
				SWIFT_ACTIVE_COMPILATION_CONDITIONS = DEBUG;
				SWIFT_OPTIMIZATION_LEVEL = "-Onone";
			};
			name = Debug;
		};
		D66C19A42A1F900300150672 /* Release */ = {
			isa = XCBuildConfiguration;
			buildSettings = {
				ALWAYS_SEARCH_USER_PATHS = NO;
				CLANG_ANALYZER_NONNULL = YES;
				CLANG_ANALYZER_NUMBER_OBJECT_CONVERSION = YES_AGGRESSIVE;
				CLANG_CXX_LANGUAGE_STANDARD = "gnu++20";
				CLANG_ENABLE_MODULES = YES;
				CLANG_ENABLE_OBJC_ARC = YES;
				CLANG_ENABLE_OBJC_WEAK = YES;
				CLANG_WARN_BLOCK_CAPTURE_AUTORELEASING = YES;
				CLANG_WARN_BOOL_CONVERSION = YES;
				CLANG_WARN_COMMA = YES;
				CLANG_WARN_CONSTANT_CONVERSION = YES;
				CLANG_WARN_DEPRECATED_OBJC_IMPLEMENTATIONS = YES;
				CLANG_WARN_DIRECT_OBJC_ISA_USAGE = YES_ERROR;
				CLANG_WARN_DOCUMENTATION_COMMENTS = YES;
				CLANG_WARN_EMPTY_BODY = YES;
				CLANG_WARN_ENUM_CONVERSION = YES;
				CLANG_WARN_INFINITE_RECURSION = YES;
				CLANG_WARN_INT_CONVERSION = YES;
				CLANG_WARN_NON_LITERAL_NULL_CONVERSION = YES;
				CLANG_WARN_OBJC_IMPLICIT_RETAIN_SELF = YES;
				CLANG_WARN_OBJC_LITERAL_CONVERSION = YES;
				CLANG_WARN_OBJC_ROOT_CLASS = YES_ERROR;
				CLANG_WARN_QUOTED_INCLUDE_IN_FRAMEWORK_HEADER = YES;
				CLANG_WARN_RANGE_LOOP_ANALYSIS = YES;
				CLANG_WARN_STRICT_PROTOTYPES = YES;
				CLANG_WARN_SUSPICIOUS_MOVE = YES;
				CLANG_WARN_UNGUARDED_AVAILABILITY = YES_AGGRESSIVE;
				CLANG_WARN_UNREACHABLE_CODE = YES;
				CLANG_WARN__DUPLICATE_METHOD_MATCH = YES;
				COPY_PHASE_STRIP = NO;
				DEBUG_INFORMATION_FORMAT = "dwarf-with-dsym";
				ENABLE_NS_ASSERTIONS = NO;
				ENABLE_STRICT_OBJC_MSGSEND = YES;
				GCC_C_LANGUAGE_STANDARD = gnu11;
				GCC_NO_COMMON_BLOCKS = YES;
				GCC_WARN_64_TO_32_BIT_CONVERSION = YES;
				GCC_WARN_ABOUT_RETURN_TYPE = YES_ERROR;
				GCC_WARN_UNDECLARED_SELECTOR = YES;
				GCC_WARN_UNINITIALIZED_AUTOS = YES_AGGRESSIVE;
				GCC_WARN_UNUSED_FUNCTION = YES;
				GCC_WARN_UNUSED_VARIABLE = YES;
				IPHONEOS_DEPLOYMENT_TARGET = 16.4;
				MTL_ENABLE_DEBUG_INFO = NO;
				MTL_FAST_MATH = YES;
				SDKROOT = iphoneos;
				SWIFT_COMPILATION_MODE = wholemodule;
				SWIFT_OPTIMIZATION_LEVEL = "-O";
				VALIDATE_PRODUCT = YES;
			};
			name = Release;
		};
		D66C19A62A1F900300150672 /* Debug */ = {
			isa = XCBuildConfiguration;
			buildSettings = {
				ASSETCATALOG_COMPILER_APPICON_NAME = AppIcon;
				ASSETCATALOG_COMPILER_GLOBAL_ACCENT_COLOR_NAME = AccentColor;
				CODE_SIGN_STYLE = Automatic;
				CURRENT_PROJECT_VERSION = 1;
				DEVELOPMENT_ASSET_PATHS = "\"OneStep/Preview Content\"";
				DEVELOPMENT_TEAM = LZW3K86Y6H;
				ENABLE_PREVIEWS = YES;
				GENERATE_INFOPLIST_FILE = YES;
				INFOPLIST_KEY_UIApplicationSceneManifest_Generation = YES;
				INFOPLIST_KEY_UIApplicationSupportsIndirectInputEvents = YES;
				INFOPLIST_KEY_UILaunchScreen_Generation = YES;
				INFOPLIST_KEY_UISupportedInterfaceOrientations_iPad = "UIInterfaceOrientationPortrait UIInterfaceOrientationPortraitUpsideDown UIInterfaceOrientationLandscapeLeft UIInterfaceOrientationLandscapeRight";
				INFOPLIST_KEY_UISupportedInterfaceOrientations_iPhone = "UIInterfaceOrientationPortrait UIInterfaceOrientationLandscapeLeft UIInterfaceOrientationLandscapeRight";
				LD_RUNPATH_SEARCH_PATHS = (
					"$(inherited)",
					"@executable_path/Frameworks",
				);
				MARKETING_VERSION = 1.0;
				PRODUCT_BUNDLE_IDENTIFIER = com.WalterYang.OneStep;
				PRODUCT_NAME = "$(TARGET_NAME)";
				SWIFT_EMIT_LOC_STRINGS = YES;
				SWIFT_VERSION = 5.0;
				TARGETED_DEVICE_FAMILY = "1,2";
			};
			name = Debug;
		};
		D66C19A72A1F900300150672 /* Release */ = {
			isa = XCBuildConfiguration;
			buildSettings = {
				ASSETCATALOG_COMPILER_APPICON_NAME = AppIcon;
				ASSETCATALOG_COMPILER_GLOBAL_ACCENT_COLOR_NAME = AccentColor;
				CODE_SIGN_STYLE = Automatic;
				CURRENT_PROJECT_VERSION = 1;
				DEVELOPMENT_ASSET_PATHS = "\"OneStep/Preview Content\"";
				DEVELOPMENT_TEAM = LZW3K86Y6H;
				ENABLE_PREVIEWS = YES;
				GENERATE_INFOPLIST_FILE = YES;
				INFOPLIST_KEY_UIApplicationSceneManifest_Generation = YES;
				INFOPLIST_KEY_UIApplicationSupportsIndirectInputEvents = YES;
				INFOPLIST_KEY_UILaunchScreen_Generation = YES;
				INFOPLIST_KEY_UISupportedInterfaceOrientations_iPad = "UIInterfaceOrientationPortrait UIInterfaceOrientationPortraitUpsideDown UIInterfaceOrientationLandscapeLeft UIInterfaceOrientationLandscapeRight";
				INFOPLIST_KEY_UISupportedInterfaceOrientations_iPhone = "UIInterfaceOrientationPortrait UIInterfaceOrientationLandscapeLeft UIInterfaceOrientationLandscapeRight";
				LD_RUNPATH_SEARCH_PATHS = (
					"$(inherited)",
					"@executable_path/Frameworks",
				);
				MARKETING_VERSION = 1.0;
				PRODUCT_BUNDLE_IDENTIFIER = com.WalterYang.OneStep;
				PRODUCT_NAME = "$(TARGET_NAME)";
				SWIFT_EMIT_LOC_STRINGS = YES;
				SWIFT_VERSION = 5.0;
				TARGETED_DEVICE_FAMILY = "1,2";
			};
			name = Release;
		};
/* End XCBuildConfiguration section */

/* Begin XCConfigurationList section */
		D66C19922A1F900200150672 /* Build configuration list for PBXProject "OneStep" */ = {
			isa = XCConfigurationList;
			buildConfigurations = (
				D66C19A32A1F900300150672 /* Debug */,
				D66C19A42A1F900300150672 /* Release */,
			);
			defaultConfigurationIsVisible = 0;
			defaultConfigurationName = Release;
		};
		D66C19A52A1F900300150672 /* Build configuration list for PBXNativeTarget "OneStep" */ = {
			isa = XCConfigurationList;
			buildConfigurations = (
				D66C19A62A1F900300150672 /* Debug */,
				D66C19A72A1F900300150672 /* Release */,
			);
			defaultConfigurationIsVisible = 0;
			defaultConfigurationName = Release;
		};
/* End XCConfigurationList section */

/* Begin XCVersionGroup section */
		D66C19AC2A1F90AA00150672 /* OneStepModel.xcdatamodeld */ = {
			isa = XCVersionGroup;
			children = (
				D66C19AD2A1F90AA00150672 /* OneStepModel.xcdatamodel */,
			);
			currentVersion = D66C19AD2A1F90AA00150672 /* OneStepModel.xcdatamodel */;
			path = OneStepModel.xcdatamodeld;
			sourceTree = "<group>";
			versionGroupType = wrapper.xcdatamodel;
		};
/* End XCVersionGroup section */
	};
	rootObject = D66C198F2A1F900200150672 /* Project object */;
}
